// !$*UTF8*$!
{
	archiveVersion = 1;
	classes = {
	};
	objectVersion = 77;
	objects = {

/* Begin PBXBuildFile section */
		BCB4902E2E0B9B6400213664 /* WidgetKit.framework in Frameworks */ = {isa = PBXBuildFile; fileRef = BCB4902D2E0B9B6300213664 /* WidgetKit.framework */; };
		BCB490302E0B9B6400213664 /* SwiftUI.framework in Frameworks */ = {isa = PBXBuildFile; fileRef = BCB4902F2E0B9B6400213664 /* SwiftUI.framework */; };
		BCB490412E0B9B6600213664 /* BibleMotivation10WidgetExtension.appex in Embed Foundation Extensions */ = {isa = PBXBuildFile; fileRef = BCB4902B2E0B9B6300213664 /* BibleMotivation10WidgetExtension.appex */; settings = {ATTRIBUTES = (RemoveHeadersOnCopy, ); }; };
/* End PBXBuildFile section */

/* Begin PBXContainerItemProxy section */
		BCB4900B2E0B935300213664 /* PBXContainerItemProxy */ = {
			isa = PBXContainerItemProxy;
			containerPortal = BCB48FF52E0B935000213664 /* Project object */;
			proxyType = 1;
			remoteGlobalIDString = BCB48FFC2E0B935000213664;
			remoteInfo = BibleMotivation10;
		};
		BCB490152E0B935300213664 /* PBXContainerItemProxy */ = {
			isa = PBXContainerItemProxy;
			containerPortal = BCB48FF52E0B935000213664 /* Project object */;
			proxyType = 1;
			remoteGlobalIDString = BCB48FFC2E0B935000213664;
			remoteInfo = BibleMotivation10;
		};
		BCB4903F2E0B9B6600213664 /* PBXContainerItemProxy */ = {
			isa = PBXContainerItemProxy;
			containerPortal = BCB48FF52E0B935000213664 /* Project object */;
			proxyType = 1;
			remoteGlobalIDString = BCB4902A2E0B9B6300213664;
			remoteInfo = BibleMotivation10WidgetExtension;
		};
/* End PBXContainerItemProxy section */

/* Begin PBXCopyFilesBuildPhase section */
		BCB490462E0B9B6600213664 /* Embed Foundation Extensions */ = {
			isa = PBXCopyFilesBuildPhase;
			buildActionMask = 2147483647;
			dstPath = "";
			dstSubfolderSpec = 13;
			files = (
				BCB490412E0B9B6600213664 /* BibleMotivation10WidgetExtension.appex in Embed Foundation Extensions */,
			);
			name = "Embed Foundation Extensions";
			runOnlyForDeploymentPostprocessing = 0;
		};
/* End PBXCopyFilesBuildPhase section */

/* Begin PBXFileReference section */
		BCB48FFD2E0B935000213664 /* BibleMotivation10.app */ = {isa = PBXFileReference; explicitFileType = wrapper.application; includeInIndex = 0; path = BibleMotivation10.app; sourceTree = BUILT_PRODUCTS_DIR; };
		BCB4900A2E0B935300213664 /* BibleMotivation10Tests.xctest */ = {isa = PBXFileReference; explicitFileType = wrapper.cfbundle; includeInIndex = 0; path = BibleMotivation10Tests.xctest; sourceTree = BUILT_PRODUCTS_DIR; };
		BCB490142E0B935300213664 /* BibleMotivation10UITests.xctest */ = {isa = PBXFileReference; explicitFileType = wrapper.cfbundle; includeInIndex = 0; path = BibleMotivation10UITests.xctest; sourceTree = BUILT_PRODUCTS_DIR; };
		BCB4902B2E0B9B6300213664 /* BibleMotivation10WidgetExtension.appex */ = {isa = PBXFileReference; explicitFileType = "wrapper.app-extension"; includeInIndex = 0; path = BibleMotivation10WidgetExtension.appex; sourceTree = BUILT_PRODUCTS_DIR; };
		BCB4902D2E0B9B6300213664 /* WidgetKit.framework */ = {isa = PBXFileReference; lastKnownFileType = wrapper.framework; name = WidgetKit.framework; path = System/Library/Frameworks/WidgetKit.framework; sourceTree = SDKROOT; };
		BCB4902F2E0B9B6400213664 /* SwiftUI.framework */ = {isa = PBXFileReference; lastKnownFileType = wrapper.framework; name = SwiftUI.framework; path = System/Library/Frameworks/SwiftUI.framework; sourceTree = SDKROOT; };
/* End PBXFileReference section */

/* Begin PBXFileSystemSynchronizedBuildFileExceptionSet section */
		BC9043A72E0D60B500485B6A /* Exceptions for "BibleMotivation10" folder in "BibleMotivation10WidgetExtension" target */ = {
			isa = PBXFileSystemSynchronizedBuildFileExceptionSet;
			membershipExceptions = (
				Assets.xcassets,
				BibleVerse.swift,
				VerseRepository.swift,
			);
			target = BCB4902A2E0B9B6300213664 /* BibleMotivation10WidgetExtension */;
		};
		BCB490422E0B9B6600213664 /* Exceptions for "BibleMotivation10Widget" folder in "BibleMotivation10WidgetExtension" target */ = {
			isa = PBXFileSystemSynchronizedBuildFileExceptionSet;
			membershipExceptions = (
				Info.plist,
			);
			target = BCB4902A2E0B9B6300213664 /* BibleMotivation10WidgetExtension */;
		};
/* End PBXFileSystemSynchronizedBuildFileExceptionSet section */

/* Begin PBXFileSystemSynchronizedRootGroup section */
		BCB48FFF2E0B935000213664 /* BibleMotivation10 */ = {
			isa = PBXFileSystemSynchronizedRootGroup;
			exceptions = (
				BC9043A72E0D60B500485B6A /* Exceptions for "BibleMotivation10" folder in "BibleMotivation10WidgetExtension" target */,
			);
			path = BibleMotivation10;
			sourceTree = "<group>";
		};
		BCB4900D2E0B935300213664 /* BibleMotivation10Tests */ = {
			isa = PBXFileSystemSynchronizedRootGroup;
			path = BibleMotivation10Tests;
			sourceTree = "<group>";
		};
		BCB490172E0B935300213664 /* BibleMotivation10UITests */ = {
			isa = PBXFileSystemSynchronizedRootGroup;
			path = BibleMotivation10UITests;
			sourceTree = "<group>";
		};
		BCB490312E0B9B6400213664 /* BibleMotivation10Widget */ = {
			isa = PBXFileSystemSynchronizedRootGroup;
			exceptions = (
				BCB490422E0B9B6600213664 /* Exceptions for "BibleMotivation10Widget" folder in "BibleMotivation10WidgetExtension" target */,
			);
			path = BibleMotivation10Widget;
			sourceTree = "<group>";
		};
/* End PBXFileSystemSynchronizedRootGroup section */

/* Begin PBXFrameworksBuildPhase section */
		BCB48FFA2E0B935000213664 /* Frameworks */ = {
			isa = PBXFrameworksBuildPhase;
			buildActionMask = 2147483647;
			files = (
			);
			runOnlyForDeploymentPostprocessing = 0;
		};
		BCB490072E0B935300213664 /* Frameworks */ = {
			isa = PBXFrameworksBuildPhase;
			buildActionMask = 2147483647;
			files = (
			);
			runOnlyForDeploymentPostprocessing = 0;
		};
		BCB490112E0B935300213664 /* Frameworks */ = {
			isa = PBXFrameworksBuildPhase;
			buildActionMask = 2147483647;
			files = (
			);
			runOnlyForDeploymentPostprocessing = 0;
		};
		BCB490282E0B9B6300213664 /* Frameworks */ = {
			isa = PBXFrameworksBuildPhase;
			buildActionMask = 2147483647;
			files = (
				BCB490302E0B9B6400213664 /* SwiftUI.framework in Frameworks */,
				BCB4902E2E0B9B6400213664 /* WidgetKit.framework in Frameworks */,
			);
			runOnlyForDeploymentPostprocessing = 0;
		};
/* End PBXFrameworksBuildPhase section */

/* Begin PBXGroup section */
		BCB48FF42E0B935000213664 = {
			isa = PBXGroup;
			children = (
				BCB48FFF2E0B935000213664 /* BibleMotivation10 */,
				BCB4900D2E0B935300213664 /* BibleMotivation10Tests */,
				BCB490172E0B935300213664 /* BibleMotivation10UITests */,
				BCB490312E0B9B6400213664 /* BibleMotivation10Widget */,
				BCB4902C2E0B9B6300213664 /* Frameworks */,
				BCB48FFE2E0B935000213664 /* Products */,
			);
			sourceTree = "<group>";
		};
		BCB48FFE2E0B935000213664 /* Products */ = {
			isa = PBXGroup;
			children = (
				BCB48FFD2E0B935000213664 /* BibleMotivation10.app */,
				BCB4900A2E0B935300213664 /* BibleMotivation10Tests.xctest */,
				BCB490142E0B935300213664 /* BibleMotivation10UITests.xctest */,
				BCB4902B2E0B9B6300213664 /* BibleMotivation10WidgetExtension.appex */,
			);
			name = Products;
			sourceTree = "<group>";
		};
		BCB4902C2E0B9B6300213664 /* Frameworks */ = {
			isa = PBXGroup;
			children = (
				BCB4902D2E0B9B6300213664 /* WidgetKit.framework */,
				BCB4902F2E0B9B6400213664 /* SwiftUI.framework */,
			);
			name = Frameworks;
			sourceTree = "<group>";
		};
/* End PBXGroup section */

/* Begin PBXNativeTarget section */
		BCB48FFC2E0B935000213664 /* BibleMotivation10 */ = {
			isa = PBXNativeTarget;
			buildConfigurationList = BCB4901E2E0B935300213664 /* Build configuration list for PBXNativeTarget "BibleMotivation10" */;
			buildPhases = (
				BCB48FF92E0B935000213664 /* Sources */,
				BCB48FFA2E0B935000213664 /* Frameworks */,
				BCB48FFB2E0B935000213664 /* Resources */,
				BCB490462E0B9B6600213664 /* Embed Foundation Extensions */,
			);
			buildRules = (
			);
			dependencies = (
				BCB490402E0B9B6600213664 /* PBXTargetDependency */,
			);
			fileSystemSynchronizedGroups = (
				BCB48FFF2E0B935000213664 /* BibleMotivation10 */,
			);
			name = BibleMotivation10;
			packageProductDependencies = (
			);
			productName = BibleMotivation10;
			productReference = BCB48FFD2E0B935000213664 /* BibleMotivation10.app */;
			productType = "com.apple.product-type.application";
		};
		BCB490092E0B935300213664 /* BibleMotivation10Tests */ = {
			isa = PBXNativeTarget;
			buildConfigurationList = BCB490212E0B935300213664 /* Build configuration list for PBXNativeTarget "BibleMotivation10Tests" */;
			buildPhases = (
				BCB490062E0B935300213664 /* Sources */,
				BCB490072E0B935300213664 /* Frameworks */,
				BCB490082E0B935300213664 /* Resources */,
			);
			buildRules = (
			);
			dependencies = (
				BCB4900C2E0B935300213664 /* PBXTargetDependency */,
			);
			fileSystemSynchronizedGroups = (
				BCB4900D2E0B935300213664 /* BibleMotivation10Tests */,
			);
			name = BibleMotivation10Tests;
			packageProductDependencies = (
			);
			productName = BibleMotivation10Tests;
			productReference = BCB4900A2E0B935300213664 /* BibleMotivation10Tests.xctest */;
			productType = "com.apple.product-type.bundle.unit-test";
		};
		BCB490132E0B935300213664 /* BibleMotivation10UITests */ = {
			isa = PBXNativeTarget;
			buildConfigurationList = BCB490242E0B935300213664 /* Build configuration list for PBXNativeTarget "BibleMotivation10UITests" */;
			buildPhases = (
				BCB490102E0B935300213664 /* Sources */,
				BCB490112E0B935300213664 /* Frameworks */,
				BCB490122E0B935300213664 /* Resources */,
			);
			buildRules = (
			);
			dependencies = (
				BCB490162E0B935300213664 /* PBXTargetDependency */,
			);
			fileSystemSynchronizedGroups = (
				BCB490172E0B935300213664 /* BibleMotivation10UITests */,
			);
			name = BibleMotivation10UITests;
			packageProductDependencies = (
			);
			productName = BibleMotivation10UITests;
			productReference = BCB490142E0B935300213664 /* BibleMotivation10UITests.xctest */;
			productType = "com.apple.product-type.bundle.ui-testing";
		};
		BCB4902A2E0B9B6300213664 /* BibleMotivation10WidgetExtension */ = {
			isa = PBXNativeTarget;
			buildConfigurationList = BCB490432E0B9B6600213664 /* Build configuration list for PBXNativeTarget "BibleMotivation10WidgetExtension" */;
			buildPhases = (
				BCB490272E0B9B6300213664 /* Sources */,
				BCB490282E0B9B6300213664 /* Frameworks */,
				BCB490292E0B9B6300213664 /* Resources */,
			);
			buildRules = (
			);
			dependencies = (
			);
			fileSystemSynchronizedGroups = (
				BCB490312E0B9B6400213664 /* BibleMotivation10Widget */,
			);
			name = BibleMotivation10WidgetExtension;
			packageProductDependencies = (
			);
			productName = BibleMotivation10WidgetExtension;
			productReference = BCB4902B2E0B9B6300213664 /* BibleMotivation10WidgetExtension.appex */;
			productType = "com.apple.product-type.app-extension";
		};
/* End PBXNativeTarget section */

/* Begin PBXProject section */
		BCB48FF52E0B935000213664 /* Project object */ = {
			isa = PBXProject;
			attributes = {
				BuildIndependentTargetsInParallel = 1;
				LastSwiftUpdateCheck = 1640;
				LastUpgradeCheck = 1640;
				TargetAttributes = {
					BCB48FFC2E0B935000213664 = {
						CreatedOnToolsVersion = 16.4;
					};
					BCB490092E0B935300213664 = {
						CreatedOnToolsVersion = 16.4;
						TestTargetID = BCB48FFC2E0B935000213664;
					};
					BCB490132E0B935300213664 = {
						CreatedOnToolsVersion = 16.4;
						TestTargetID = BCB48FFC2E0B935000213664;
					};
					BCB4902A2E0B9B6300213664 = {
						CreatedOnToolsVersion = 16.4;
					};
				};
			};
			buildConfigurationList = BCB48FF82E0B935000213664 /* Build configuration list for PBXProject "BibleMotivation10" */;
			developmentRegion = en;
			hasScannedForEncodings = 0;
			knownRegions = (
				en,
				Base,
			);
			mainGroup = BCB48FF42E0B935000213664;
			minimizedProjectReferenceProxies = 1;
			preferredProjectObjectVersion = 77;
			productRefGroup = BCB48FFE2E0B935000213664 /* Products */;
			projectDirPath = "";
			projectRoot = "";
			targets = (
				BCB48FFC2E0B935000213664 /* BibleMotivation10 */,
				BCB490092E0B935300213664 /* BibleMotivation10Tests */,
				BCB490132E0B935300213664 /* BibleMotivation10UITests */,
				BCB4902A2E0B9B6300213664 /* BibleMotivation10WidgetExtension */,
			);
		};
/* End PBXProject section */

/* Begin PBXResourcesBuildPhase section */
		BCB48FFB2E0B935000213664 /* Resources */ = {
			isa = PBXResourcesBuildPhase;
			buildActionMask = 2147483647;
			files = (
			);
			runOnlyForDeploymentPostprocessing = 0;
		};
		BCB490082E0B935300213664 /* Resources */ = {
			isa = PBXResourcesBuildPhase;
			buildActionMask = 2147483647;
			files = (
			);
			runOnlyForDeploymentPostprocessing = 0;
		};
		BCB490122E0B935300213664 /* Resources */ = {
			isa = PBXResourcesBuildPhase;
			buildActionMask = 2147483647;
			files = (
			);
			runOnlyForDeploymentPostprocessing = 0;
		};
		BCB490292E0B9B6300213664 /* Resources */ = {
			isa = PBXResourcesBuildPhase;
			buildActionMask = 2147483647;
			files = (
			);
			runOnlyForDeploymentPostprocessing = 0;
		};
/* End PBXResourcesBuildPhase section */

/* Begin PBXSourcesBuildPhase section */
		BCB48FF92E0B935000213664 /* Sources */ = {
			isa = PBXSourcesBuildPhase;
			buildActionMask = 2147483647;
			files = (
			);
			runOnlyForDeploymentPostprocessing = 0;
		};
		BCB490062E0B935300213664 /* Sources */ = {
			isa = PBXSourcesBuildPhase;
			buildActionMask = 2147483647;
			files = (
			);
			runOnlyForDeploymentPostprocessing = 0;
		};
		BCB490102E0B935300213664 /* Sources */ = {
			isa = PBXSourcesBuildPhase;
			buildActionMask = 2147483647;
			files = (
			);
			runOnlyForDeploymentPostprocessing = 0;
		};
		BCB490272E0B9B6300213664 /* Sources */ = {
			isa = PBXSourcesBuildPhase;
			buildActionMask = 2147483647;
			files = (
			);
			runOnlyForDeploymentPostprocessing = 0;
		};
/* End PBXSourcesBuildPhase section */

/* Begin PBXTargetDependency section */
		BCB4900C2E0B935300213664 /* PBXTargetDependency */ = {
			isa = PBXTargetDependency;
			target = BCB48FFC2E0B935000213664 /* BibleMotivation10 */;
			targetProxy = BCB4900B2E0B935300213664 /* PBXContainerItemProxy */;
		};
		BCB490162E0B935300213664 /* PBXTargetDependency */ = {
			isa = PBXTargetDependency;
			target = BCB48FFC2E0B935000213664 /* BibleMotivation10 */;
			targetProxy = BCB490152E0B935300213664 /* PBXContainerItemProxy */;
		};
		BCB490402E0B9B6600213664 /* PBXTargetDependency */ = {
			isa = PBXTargetDependency;
			target = BCB4902A2E0B9B6300213664 /* BibleMotivation10WidgetExtension */;
			targetProxy = BCB4903F2E0B9B6600213664 /* PBXContainerItemProxy */;
		};
/* End PBXTargetDependency section */

/* Begin XCBuildConfiguration section */
		BCB4901C2E0B935300213664 /* Debug */ = {
			isa = XCBuildConfiguration;
			buildSettings = {
				ALWAYS_SEARCH_USER_PATHS = NO;
				ASSETCATALOG_COMPILER_GENERATE_SWIFT_ASSET_SYMBOL_EXTENSIONS = YES;
				CLANG_ANALYZER_NONNULL = YES;
				CLANG_ANALYZER_NUMBER_OBJECT_CONVERSION = YES_AGGRESSIVE;
				CLANG_CXX_LANGUAGE_STANDARD = "gnu++20";
				CLANG_ENABLE_MODULES = YES;
				CLANG_ENABLE_OBJC_ARC = YES;
				CLANG_ENABLE_OBJC_WEAK = YES;
				CLANG_WARN_BLOCK_CAPTURE_AUTORELEASING = YES;
				CLANG_WARN_BOOL_CONVERSION = YES;
				CLANG_WARN_COMMA = YES;
				CLANG_WARN_CONSTANT_CONVERSION = YES;
				CLANG_WARN_DEPRECATED_OBJC_IMPLEMENTATIONS = YES;
				CLANG_WARN_DIRECT_OBJC_ISA_USAGE = YES_ERROR;
				CLANG_WARN_DOCUMENTATION_COMMENTS = YES;
				CLANG_WARN_EMPTY_BODY = YES;
				CLANG_WARN_ENUM_CONVERSION = YES;
				CLANG_WARN_INFINITE_RECURSION = YES;
				CLANG_WARN_INT_CONVERSION = YES;
				CLANG_WARN_NON_LITERAL_NULL_CONVERSION = YES;
				CLANG_WARN_OBJC_IMPLICIT_RETAIN_SELF = YES;
				CLANG_WARN_OBJC_LITERAL_CONVERSION = YES;
				CLANG_WARN_OBJC_ROOT_CLASS = YES_ERROR;
				CLANG_WARN_QUOTED_INCLUDE_IN_FRAMEWORK_HEADER = YES;
				CLANG_WARN_RANGE_LOOP_ANALYSIS = YES;
				CLANG_WARN_STRICT_PROTOTYPES = YES;
				CLANG_WARN_SUSPICIOUS_MOVE = YES;
				CLANG_WARN_UNGUARDED_AVAILABILITY = YES_AGGRESSIVE;
				CLANG_WARN_UNREACHABLE_CODE = YES;
				CLANG_WARN__DUPLICATE_METHOD_MATCH = YES;
				COPY_PHASE_STRIP = NO;
				DEBUG_INFORMATION_FORMAT = dwarf;
				DEVELOPMENT_TEAM = 8CS6C6KTH3;
				ENABLE_STRICT_OBJC_MSGSEND = YES;
				ENABLE_TESTABILITY = YES;
				ENABLE_USER_SCRIPT_SANDBOXING = YES;
				GCC_C_LANGUAGE_STANDARD = gnu17;
				GCC_DYNAMIC_NO_PIC = NO;
				GCC_NO_COMMON_BLOCKS = YES;
				GCC_OPTIMIZATION_LEVEL = 0;
				GCC_PREPROCESSOR_DEFINITIONS = (
					"DEBUG=1",
					"$(inherited)",
				);
				GCC_WARN_64_TO_32_BIT_CONVERSION = YES;
				GCC_WARN_ABOUT_RETURN_TYPE = YES_ERROR;
				GCC_WARN_UNDECLARED_SELECTOR = YES;
				GCC_WARN_UNINITIALIZED_AUTOS = YES_AGGRESSIVE;
				GCC_WARN_UNUSED_FUNCTION = YES;
				GCC_WARN_UNUSED_VARIABLE = YES;
				IPHONEOS_DEPLOYMENT_TARGET = 18.5;
				LOCALIZATION_PREFERS_STRING_CATALOGS = YES;
				MTL_ENABLE_DEBUG_INFO = INCLUDE_SOURCE;
				MTL_FAST_MATH = YES;
				ONLY_ACTIVE_ARCH = YES;
				SDKROOT = iphoneos;
				SWIFT_ACTIVE_COMPILATION_CONDITIONS = "DEBUG $(inherited)";
				SWIFT_OPTIMIZATION_LEVEL = "-Onone";
			};
			name = Debug;
		};
		BCB4901D2E0B935300213664 /* Release */ = {
			isa = XCBuildConfiguration;
			buildSettings = {
				ALWAYS_SEARCH_USER_PATHS = NO;
				ASSETCATALOG_COMPILER_GENERATE_SWIFT_ASSET_SYMBOL_EXTENSIONS = YES;
				CLANG_ANALYZER_NONNULL = YES;
				CLANG_ANALYZER_NUMBER_OBJECT_CONVERSION = YES_AGGRESSIVE;
				CLANG_CXX_LANGUAGE_STANDARD = "gnu++20";
				CLANG_ENABLE_MODULES = YES;
				CLANG_ENABLE_OBJC_ARC = YES;
				CLANG_ENABLE_OBJC_WEAK = YES;
				CLANG_WARN_BLOCK_CAPTURE_AUTORELEASING = YES;
				CLANG_WARN_BOOL_CONVERSION = YES;
				CLANG_WARN_COMMA = YES;
				CLANG_WARN_CONSTANT_CONVERSION = YES;
				CLANG_WARN_DEPRECATED_OBJC_IMPLEMENTATIONS = YES;
				CLANG_WARN_DIRECT_OBJC_ISA_USAGE = YES_ERROR;
				CLANG_WARN_DOCUMENTATION_COMMENTS = YES;
				CLANG_WARN_EMPTY_BODY = YES;
				CLANG_WARN_ENUM_CONVERSION = YES;
				CLANG_WARN_INFINITE_RECURSION = YES;
				CLANG_WARN_INT_CONVERSION = YES;
				CLANG_WARN_NON_LITERAL_NULL_CONVERSION = YES;
				CLANG_WARN_OBJC_IMPLICIT_RETAIN_SELF = YES;
				CLANG_WARN_OBJC_LITERAL_CONVERSION = YES;
				CLANG_WARN_OBJC_ROOT_CLASS = YES_ERROR;
				CLANG_WARN_QUOTED_INCLUDE_IN_FRAMEWORK_HEADER = YES;
				CLANG_WARN_RANGE_LOOP_ANALYSIS = YES;
				CLANG_WARN_STRICT_PROTOTYPES = YES;
				CLANG_WARN_SUSPICIOUS_MOVE = YES;
				CLANG_WARN_UNGUARDED_AVAILABILITY = YES_AGGRESSIVE;
				CLANG_WARN_UNREACHABLE_CODE = YES;
				CLANG_WARN__DUPLICATE_METHOD_MATCH = YES;
				COPY_PHASE_STRIP = NO;
				DEBUG_INFORMATION_FORMAT = "dwarf-with-dsym";
				DEVELOPMENT_TEAM = 8CS6C6KTH3;
				ENABLE_NS_ASSERTIONS = NO;
				ENABLE_STRICT_OBJC_MSGSEND = YES;
				ENABLE_USER_SCRIPT_SANDBOXING = YES;
				GCC_C_LANGUAGE_STANDARD = gnu17;
				GCC_NO_COMMON_BLOCKS = YES;
				GCC_WARN_64_TO_32_BIT_CONVERSION = YES;
				GCC_WARN_ABOUT_RETURN_TYPE = YES_ERROR;
				GCC_WARN_UNDECLARED_SELECTOR = YES;
				GCC_WARN_UNINITIALIZED_AUTOS = YES_AGGRESSIVE;
				GCC_WARN_UNUSED_FUNCTION = YES;
				GCC_WARN_UNUSED_VARIABLE = YES;
				IPHONEOS_DEPLOYMENT_TARGET = 18.5;
				LOCALIZATION_PREFERS_STRING_CATALOGS = YES;
				MTL_ENABLE_DEBUG_INFO = NO;
				MTL_FAST_MATH = YES;
				SDKROOT = iphoneos;
				SWIFT_COMPILATION_MODE = wholemodule;
				VALIDATE_PRODUCT = YES;
			};
			name = Release;
		};
		BCB4901F2E0B935300213664 /* Debug */ = {
			isa = XCBuildConfiguration;
			buildSettings = {
				ASSETCATALOG_COMPILER_APPICON_NAME = AppIcon;
				ASSETCATALOG_COMPILER_GLOBAL_ACCENT_COLOR_NAME = AccentColor;
				CODE_SIGN_STYLE = Automatic;
				CURRENT_PROJECT_VERSION = 1;
				DEVELOPMENT_TEAM = 8CS6C6KTH3;
				ENABLE_PREVIEWS = YES;
				GENERATE_INFOPLIST_FILE = YES;
				INFOPLIST_KEY_UIApplicationSceneManifest_Generation = YES;
				INFOPLIST_KEY_UIApplicationSupportsIndirectInputEvents = YES;
				INFOPLIST_KEY_UILaunchScreen_Generation = YES;
				INFOPLIST_KEY_UISupportedInterfaceOrientations_iPad = "UIInterfaceOrientationPortrait UIInterfaceOrientationPortraitUpsideDown UIInterfaceOrientationLandscapeLeft UIInterfaceOrientationLandscapeRight";
				INFOPLIST_KEY_UISupportedInterfaceOrientations_iPhone = "UIInterfaceOrientationPortrait UIInterfaceOrientationLandscapeLeft UIInterfaceOrientationLandscapeRight";
				LD_RUNPATH_SEARCH_PATHS = (
					"$(inherited)",
					"@executable_path/Frameworks",
				);
				MARKETING_VERSION = 1.0;
				PRODUCT_BUNDLE_IDENTIFIER = com.tekwor.BibleMotivation10;
				PRODUCT_NAME = "$(TARGET_NAME)";
				SWIFT_EMIT_LOC_STRINGS = YES;
				SWIFT_VERSION = 5.0;
				TARGETED_DEVICE_FAMILY = "1,2";
			};
			name = Debug;
		};
		BCB490202E0B935300213664 /* Release */ = {
			isa = XCBuildConfiguration;
			buildSettings = {
				ASSETCATALOG_COMPILER_APPICON_NAME = AppIcon;
				ASSETCATALOG_COMPILER_GLOBAL_ACCENT_COLOR_NAME = AccentColor;
				CODE_SIGN_STYLE = Automatic;
				CURRENT_PROJECT_VERSION = 1;
				DEVELOPMENT_TEAM = 8CS6C6KTH3;
				ENABLE_PREVIEWS = YES;
				GENERATE_INFOPLIST_FILE = YES;
				INFOPLIST_KEY_UIApplicationSceneManifest_Generation = YES;
				INFOPLIST_KEY_UIApplicationSupportsIndirectInputEvents = YES;
				INFOPLIST_KEY_UILaunchScreen_Generation = YES;
				INFOPLIST_KEY_UISupportedInterfaceOrientations_iPad = "UIInterfaceOrientationPortrait UIInterfaceOrientationPortraitUpsideDown UIInterfaceOrientationLandscapeLeft UIInterfaceOrientationLandscapeRight";
				INFOPLIST_KEY_UISupportedInterfaceOrientations_iPhone = "UIInterfaceOrientationPortrait UIInterfaceOrientationLandscapeLeft UIInterfaceOrientationLandscapeRight";
				LD_RUNPATH_SEARCH_PATHS = (
					"$(inherited)",
					"@executable_path/Frameworks",
				);
				MARKETING_VERSION = 1.0;
				PRODUCT_BUNDLE_IDENTIFIER = com.tekwor.BibleMotivation10;
				PRODUCT_NAME = "$(TARGET_NAME)";
				SWIFT_EMIT_LOC_STRINGS = YES;
				SWIFT_VERSION = 5.0;
				TARGETED_DEVICE_FAMILY = "1,2";
			};
			name = Release;
		};
		BCB490222E0B935300213664 /* Debug */ = {
			isa = XCBuildConfiguration;
			buildSettings = {
				BUNDLE_LOADER = "$(TEST_HOST)";
				CODE_SIGN_STYLE = Automatic;
				CURRENT_PROJECT_VERSION = 1;
				DEVELOPMENT_TEAM = 8CS6C6KTH3;
				GENERATE_INFOPLIST_FILE = YES;
				IPHONEOS_DEPLOYMENT_TARGET = 18.5;
				MARKETING_VERSION = 1.0;
				PRODUCT_BUNDLE_IDENTIFIER = com.tekwor.BibleMotivation10Tests;
				PRODUCT_NAME = "$(TARGET_NAME)";
				SWIFT_EMIT_LOC_STRINGS = NO;
				SWIFT_VERSION = 5.0;
				TARGETED_DEVICE_FAMILY = "1,2";
				TEST_HOST = "$(BUILT_PRODUCTS_DIR)/BibleMotivation10.app/$(BUNDLE_EXECUTABLE_FOLDER_PATH)/BibleMotivation10";
			};
			name = Debug;
		};
		BCB490232E0B935300213664 /* Release */ = {
			isa = XCBuildConfiguration;
			buildSettings = {
				BUNDLE_LOADER = "$(TEST_HOST)";
				CODE_SIGN_STYLE = Automatic;
				CURRENT_PROJECT_VERSION = 1;
				DEVELOPMENT_TEAM = 8CS6C6KTH3;
				GENERATE_INFOPLIST_FILE = YES;
				IPHONEOS_DEPLOYMENT_TARGET = 18.5;
				MARKETING_VERSION = 1.0;
				PRODUCT_BUNDLE_IDENTIFIER = com.tekwor.BibleMotivation10Tests;
				PRODUCT_NAME = "$(TARGET_NAME)";
				SWIFT_EMIT_LOC_STRINGS = NO;
				SWIFT_VERSION = 5.0;
				TARGETED_DEVICE_FAMILY = "1,2";
				TEST_HOST = "$(BUILT_PRODUCTS_DIR)/BibleMotivation10.app/$(BUNDLE_EXECUTABLE_FOLDER_PATH)/BibleMotivation10";
			};
			name = Release;
		};
		BCB490252E0B935300213664 /* Debug */ = {
			isa = XCBuildConfiguration;
			buildSettings = {
				CODE_SIGN_STYLE = Automatic;
				CURRENT_PROJECT_VERSION = 1;
				DEVELOPMENT_TEAM = 8CS6C6KTH3;
				GENERATE_INFOPLIST_FILE = YES;
				MARKETING_VERSION = 1.0;
				PRODUCT_BUNDLE_IDENTIFIER = com.tekwor.BibleMotivation10UITests;
				PRODUCT_NAME = "$(TARGET_NAME)";
				SWIFT_EMIT_LOC_STRINGS = NO;
				SWIFT_VERSION = 5.0;
				TARGETED_DEVICE_FAMILY = "1,2";
				TEST_TARGET_NAME = BibleMotivation10;
			};
			name = Debug;
		};
		BCB490262E0B935300213664 /* Release */ = {
			isa = XCBuildConfiguration;
			buildSettings = {
				CODE_SIGN_STYLE = Automatic;
				CURRENT_PROJECT_VERSION = 1;
				DEVELOPMENT_TEAM = 8CS6C6KTH3;
				GENERATE_INFOPLIST_FILE = YES;
				MARKETING_VERSION = 1.0;
				PRODUCT_BUNDLE_IDENTIFIER = com.tekwor.BibleMotivation10UITests;
				PRODUCT_NAME = "$(TARGET_NAME)";
				SWIFT_EMIT_LOC_STRINGS = NO;
				SWIFT_VERSION = 5.0;
				TARGETED_DEVICE_FAMILY = "1,2";
				TEST_TARGET_NAME = BibleMotivation10;
			};
			name = Release;
		};
		BCB490442E0B9B6600213664 /* Debug */ = {
			isa = XCBuildConfiguration;
			buildSettings = {
				ASSETCATALOG_COMPILER_GLOBAL_ACCENT_COLOR_NAME = AccentColor;
				ASSETCATALOG_COMPILER_WIDGET_BACKGROUND_COLOR_NAME = WidgetBackground;
				CODE_SIGN_STYLE = Automatic;
				CURRENT_PROJECT_VERSION = 1;
				DEVELOPMENT_TEAM = 8CS6C6KTH3;
				GENERATE_INFOPLIST_FILE = YES;
				INFOPLIST_FILE = BibleMotivation10Widget/Info.plist;
				INFOPLIST_KEY_CFBundleDisplayName = BibleMotivation10Widget;
				INFOPLIST_KEY_NSHumanReadableCopyright = "";
				IPHONEOS_DEPLOYMENT_TARGET = 17.6;
				LD_RUNPATH_SEARCH_PATHS = (
					"$(inherited)",
					"@executable_path/Frameworks",
					"@executable_path/../../Frameworks",
				);
				MARKETING_VERSION = 1.0;
				PRODUCT_BUNDLE_IDENTIFIER = com.tekwor.BibleMotivation10.BibleMotivation10Widget;
				PRODUCT_NAME = "$(TARGET_NAME)";
				SKIP_INSTALL = YES;
				SWIFT_EMIT_LOC_STRINGS = YES;
				SWIFT_VERSION = 5.0;
				TARGETED_DEVICE_FAMILY = "1,2";
			};
			name = Debug;
		};
		BCB490452E0B9B6600213664 /* Release */ = {
			isa = XCBuildConfiguration;
			buildSettings = {
				ASSETCATALOG_COMPILER_GLOBAL_ACCENT_COLOR_NAME = AccentColor;
				ASSETCATALOG_COMPILER_WIDGET_BACKGROUND_COLOR_NAME = WidgetBackground;
				CODE_SIGN_STYLE = Automatic;
				CURRENT_PROJECT_VERSION = 1;
				DEVELOPMENT_TEAM = 8CS6C6KTH3;
				GENERATE_INFOPLIST_FILE = YES;
				INFOPLIST_FILE = BibleMotivation10Widget/Info.plist;
				INFOPLIST_KEY_CFBundleDisplayName = BibleMotivation10Widget;
				INFOPLIST_KEY_NSHumanReadableCopyright = "";
				IPHONEOS_DEPLOYMENT_TARGET = 17.6;
				LD_RUNPATH_SEARCH_PATHS = (
					"$(inherited)",
					"@executable_path/Frameworks",
					"@executable_path/../../Frameworks",
				);
				MARKETING_VERSION = 1.0;
				PRODUCT_BUNDLE_IDENTIFIER = com.tekwor.BibleMotivation10.BibleMotivation10Widget;
				PRODUCT_NAME = "$(TARGET_NAME)";
				SKIP_INSTALL = YES;
				SWIFT_EMIT_LOC_STRINGS = YES;
				SWIFT_VERSION = 5.0;
				TARGETED_DEVICE_FAMILY = "1,2";
			};
			name = Release;
		};
/* End XCBuildConfiguration section */

/* Begin XCConfigurationList section */
		BCB48FF82E0B935000213664 /* Build configuration list for PBXProject "BibleMotivation10" */ = {
			isa = XCConfigurationList;
			buildConfigurations = (
				BCB4901C2E0B935300213664 /* Debug */,
				BCB4901D2E0B935300213664 /* Release */,
			);
			defaultConfigurationIsVisible = 0;
			defaultConfigurationName = Release;
		};
		BCB4901E2E0B935300213664 /* Build configuration list for PBXNativeTarget "BibleMotivation10" */ = {
			isa = XCConfigurationList;
			buildConfigurations = (
				BCB4901F2E0B935300213664 /* Debug */,
				BCB490202E0B935300213664 /* Release */,
			);
			defaultConfigurationIsVisible = 0;
			defaultConfigurationName = Release;
		};
		BCB490212E0B935300213664 /* Build configuration list for PBXNativeTarget "BibleMotivation10Tests" */ = {
			isa = XCConfigurationList;
			buildConfigurations = (
				BCB490222E0B935300213664 /* Debug */,
				BCB490232E0B935300213664 /* Release */,
			);
			defaultConfigurationIsVisible = 0;
			defaultConfigurationName = Release;
		};
		BCB490242E0B935300213664 /* Build configuration list for PBXNativeTarget "BibleMotivation10UITests" */ = {
			isa = XCConfigurationList;
			buildConfigurations = (
				BCB490252E0B935300213664 /* Debug */,
				BCB490262E0B935300213664 /* Release */,
			);
			defaultConfigurationIsVisible = 0;
			defaultConfigurationName = Release;
		};
		BCB490432E0B9B6600213664 /* Build configuration list for PBXNativeTarget "BibleMotivation10WidgetExtension" */ = {
			isa = XCConfigurationList;
			buildConfigurations = (
				BCB490442E0B9B6600213664 /* Debug */,
				BCB490452E0B9B6600213664 /* Release */,
			);
			defaultConfigurationIsVisible = 0;
			defaultConfigurationName = Release;
		};
/* End XCConfigurationList section */
	};
	rootObject = BCB48FF52E0B935000213664 /* Project object */;
}
